
Microsoft Visual Studio Solution File, Format Version 12.00
# Visual Studio Version 17
VisualStudioVersion = 17.14.36301.6
MinimumVisualStudioVersion = 10.0.40219.1
Project("{FAE04EC0-301F-11D3-BF4B-00C04F79EFBC}") = "WizardsVsWirebacks", "WizardsVsWirebacks\WizardsVsWirebacks.csproj", "{8FF2F75F-20C6-4649-BA26-8CB207E7629B}"
EndProject
Project("{FAE04EC0-301F-11D3-BF4B-00C04F79EFBC}") = "MonoGameLibrary", "MonoGameLibrary\MonoGameLibrary.csproj", "{136C3C93-6D14-C06D-3DBE-468E75475147}"
EndProject
Project("{FAE04EC0-301F-11D3-BF4B-00C04F79EFBC}") = "WizardsVsWirebacks.Tests", "WizardsVsWirebacks.Tests\WizardsVsWirebacks.Tests.csproj", "{85189D53-2E8E-4465-A050-8E6854664E24}"
EndProject
Global
	GlobalSection(SolutionConfigurationPlatforms) = preSolution
		Debug|Any CPU = Debug|Any CPU
		Release|Any CPU = Release|Any CPU
	EndGlobalSection
	GlobalSection(ProjectConfigurationPlatforms) = postSolution
		{8FF2F75F-20C6-4649-BA26-8CB207E7629B}.Debug|Any CPU.ActiveCfg = Debug|Any CPU
		{8FF2F75F-20C6-4649-BA26-8CB207E7629B}.Debug|Any CPU.Build.0 = Debug|Any CPU
		{8FF2F75F-20C6-4649-BA26-8CB207E7629B}.Release|Any CPU.ActiveCfg = Release|Any CPU
		{8FF2F75F-20C6-4649-BA26-8CB207E7629B}.Release|Any CPU.Build.0 = Release|Any CPU
		{136C3C93-6D14-C06D-3DBE-468E75475147}.Debug|Any CPU.ActiveCfg = Debug|Any CPU
		{136C3C93-6D14-C06D-3DBE-468E75475147}.Debug|Any CPU.Build.0 = Debug|Any CPU
		{136C3C93-6D14-C06D-3DBE-468E75475147}.Release|Any CPU.ActiveCfg = Release|Any CPU
		{136C3C93-6D14-C06D-3DBE-468E75475147}.Release|Any CPU.Build.0 = Release|Any CPU
		{85189D53-2E8E-4465-A050-8E6854664E24}.Debug|Any CPU.ActiveCfg = Debug|Any CPU
		{85189D53-2E8E-4465-A050-8E6854664E24}.Debug|Any CPU.Build.0 = Debug|Any CPU
		{85189D53-2E8E-4465-A050-8E6854664E24}.Release|Any CPU.ActiveCfg = Release|Any CPU
		{85189D53-2E8E-4465-A050-8E6854664E24}.Release|Any CPU.Build.0 = Release|Any CPU
	EndGlobalSection
	GlobalSection(SolutionProperties) = preSolution
		HideSolutionNode = FALSE
	EndGlobalSection
	GlobalSection(ExtensibilityGlobals) = postSolution
		SolutionGuid = {B0D14533-3FD0-443B-9CD9-0E9618DBC622}
	EndGlobalSection
EndGlobal
